
Microsoft Visual Studio Solution File, Format Version 12.00
# Visual Studio Express 15 for Windows Desktop
VisualStudioVersion = 15.0.28307.1913
MinimumVisualStudioVersion = 10.0.40219.1
Project("{8BC9CEB8-8B4A-11D0-8D11-00A0C91BC942}") = "AbstractGeometry", "AbstractGeometry\AbstractGeometry.vcxproj", "{34139A4B-F986-4F92-9E2D-A6E8135F04D0}"
EndProject
Global
	GlobalSection(SolutionConfigurationPlatforms) = preSolution
		Debug|x64 = Debug|x64
		Debug|x86 = Debug|x86
		Release|x64 = Release|x64
		Release|x86 = Release|x86
	EndGlobalSection
	GlobalSection(ProjectConfigurationPlatforms) = postSolution
		{34139A4B-F986-4F92-9E2D-A6E8135F04D0}.Debug|x64.ActiveCfg = Debug|x64
		{34139A4B-F986-4F92-9E2D-A6E8135F04D0}.Debug|x64.Build.0 = Debug|x64
		{34139A4B-F986-4F92-9E2D-A6E8135F04D0}.Debug|x86.ActiveCfg = Debug|Win32
		{34139A4B-F986-4F92-9E2D-A6E8135F04D0}.Debug|x86.Build.0 = Debug|Win32
		{34139A4B-F986-4F92-9E2D-A6E8135F04D0}.Release|x64.ActiveCfg = Release|x64
		{34139A4B-F986-4F92-9E2D-A6E8135F04D0}.Release|x64.Build.0 = Release|x64
		{34139A4B-F986-4F92-9E2D-A6E8135F04D0}.Release|x86.ActiveCfg = Release|Win32
		{34139A4B-F986-4F92-9E2D-A6E8135F04D0}.Release|x86.Build.0 = Release|Win32
	EndGlobalSection
	GlobalSection(SolutionProperties) = preSolution
		HideSolutionNode = FALSE
	EndGlobalSection
	GlobalSection(ExtensibilityGlobals) = postSolution
		SolutionGuid = {DCADD65F-3EF6-4CB9-B7A8-182910657906}
	EndGlobalSection
EndGlobal
